
Microsoft Visual Studio Solution File, Format Version 12.00
# Visual Studio Version 17
VisualStudioVersion = 17.6.33829.357
MinimumVisualStudioVersion = 10.0.40219.1
Project("{FAE04EC0-301F-11D3-BF4B-00C04F79EFBC}") = "CSharp_tínhđiểmtb", "CSharp_tínhđiểmtb.csproj", "{674323BB-6FE0-48B6-BADB-576A55BB7983}"
EndProject
Global
	GlobalSection(SolutionConfigurationPlatforms) = preSolution
		Debug|Any CPU = Debug|Any CPU
		Release|Any CPU = Release|Any CPU
	EndGlobalSection
	GlobalSection(ProjectConfigurationPlatforms) = postSolution
		{674323BB-6FE0-48B6-BADB-576A55BB7983}.Debug|Any CPU.ActiveCfg = Debug|Any CPU
		{674323BB-6FE0-48B6-BADB-576A55BB7983}.Debug|Any CPU.Build.0 = Debug|Any CPU
		{674323BB-6FE0-48B6-BADB-576A55BB7983}.Release|Any CPU.ActiveCfg = Release|Any CPU
		{674323BB-6FE0-48B6-BADB-576A55BB7983}.Release|Any CPU.Build.0 = Release|Any CPU
	EndGlobalSection
	GlobalSection(SolutionProperties) = preSolution
		HideSolutionNode = FALSE
	EndGlobalSection
	GlobalSection(ExtensibilityGlobals) = postSolution
		SolutionGuid = {57431342-34AE-4ED5-9688-A97B896B3E42}
	EndGlobalSection
EndGlobal
